
Microsoft Visual Studio Solution File, Format Version 12.00
# Visual Studio 16
VisualStudioVersion = 16.0.28803.452
MinimumVisualStudioVersion = 10.0.40219.1
Project("{2150E333-8FDC-42A3-9474-1A3956D46DE8}") = "src", "src", "{325CC4D5-2EF2-47A2-815D-F02B535967E7}"
EndProject
Project("{2150E333-8FDC-42A3-9474-1A3956D46DE8}") = "test", "test", "{D76B8F3C-C97D-418F-B1E7-6E7FD246558B}"
EndProject
Project("{9A19103F-16F7-4668-BE54-9A1E7A4F7556}") = "PasswdService", "src\PasswdService\PasswdService.csproj", "{6CBDD6D1-2074-43AA-AA10-C69564A7C130}"
EndProject
Project("{9A19103F-16F7-4668-BE54-9A1E7A4F7556}") = "PasswdService.IntegrationTests", "test\PasswdService.IntegrationTests\PasswdService.IntegrationTests.csproj", "{C154AAC6-9919-41A0-A9F7-CA0C5C57DE02}"
EndProject
Project("{9A19103F-16F7-4668-BE54-9A1E7A4F7556}") = "PasswdService.Tests", "test\PasswdService.Tests\PasswdService.Tests.csproj", "{14AE2A3D-F87C-4339-BA1D-476CDD924F8F}"
EndProject
Global
	GlobalSection(SolutionConfigurationPlatforms) = preSolution
		Debug|Any CPU = Debug|Any CPU
		Release|Any CPU = Release|Any CPU
	EndGlobalSection
	GlobalSection(ProjectConfigurationPlatforms) = postSolution
		{6CBDD6D1-2074-43AA-AA10-C69564A7C130}.Debug|Any CPU.ActiveCfg = Debug|Any CPU
		{6CBDD6D1-2074-43AA-AA10-C69564A7C130}.Debug|Any CPU.Build.0 = Debug|Any CPU
		{6CBDD6D1-2074-43AA-AA10-C69564A7C130}.Release|Any CPU.ActiveCfg = Release|Any CPU
		{6CBDD6D1-2074-43AA-AA10-C69564A7C130}.Release|Any CPU.Build.0 = Release|Any CPU
		{C154AAC6-9919-41A0-A9F7-CA0C5C57DE02}.Debug|Any CPU.ActiveCfg = Debug|Any CPU
		{C154AAC6-9919-41A0-A9F7-CA0C5C57DE02}.Debug|Any CPU.Build.0 = Debug|Any CPU
		{C154AAC6-9919-41A0-A9F7-CA0C5C57DE02}.Release|Any CPU.ActiveCfg = Release|Any CPU
		{C154AAC6-9919-41A0-A9F7-CA0C5C57DE02}.Release|Any CPU.Build.0 = Release|Any CPU
		{14AE2A3D-F87C-4339-BA1D-476CDD924F8F}.Debug|Any CPU.ActiveCfg = Debug|Any CPU
		{14AE2A3D-F87C-4339-BA1D-476CDD924F8F}.Debug|Any CPU.Build.0 = Debug|Any CPU
		{14AE2A3D-F87C-4339-BA1D-476CDD924F8F}.Release|Any CPU.ActiveCfg = Release|Any CPU
		{14AE2A3D-F87C-4339-BA1D-476CDD924F8F}.Release|Any CPU.Build.0 = Release|Any CPU
	EndGlobalSection
	GlobalSection(SolutionProperties) = preSolution
		HideSolutionNode = FALSE
	EndGlobalSection
	GlobalSection(NestedProjects) = preSolution
		{6CBDD6D1-2074-43AA-AA10-C69564A7C130} = {325CC4D5-2EF2-47A2-815D-F02B535967E7}
		{C154AAC6-9919-41A0-A9F7-CA0C5C57DE02} = {D76B8F3C-C97D-418F-B1E7-6E7FD246558B}
		{14AE2A3D-F87C-4339-BA1D-476CDD924F8F} = {D76B8F3C-C97D-418F-B1E7-6E7FD246558B}
	EndGlobalSection
	GlobalSection(ExtensibilityGlobals) = postSolution
		SolutionGuid = {BE28B516-53A6-48F7-AAF5-A47EB277F2CF}
	EndGlobalSection
EndGlobal
